// !$*UTF8*$!
{
	archiveVersion = 1;
	classes = {
	};
	objectVersion = 46;
	objects = {

/* Begin PBXBuildFile section */
		0E0F024C1F71B9EF00E2C6C2 /* AppDelegate.swift in Sources */ = {isa = PBXBuildFile; fileRef = 0E0F024B1F71B9EF00E2C6C2 /* AppDelegate.swift */; };
		0E0F02511F71B9EF00E2C6C2 /* Main.storyboard in Resources */ = {isa = PBXBuildFile; fileRef = 0E0F024F1F71B9EF00E2C6C2 /* Main.storyboard */; };
		0E0F02531F71B9EF00E2C6C2 /* Assets.xcassets in Resources */ = {isa = PBXBuildFile; fileRef = 0E0F02521F71B9EF00E2C6C2 /* Assets.xcassets */; };
		0E0F02561F71B9EF00E2C6C2 /* LaunchScreen.storyboard in Resources */ = {isa = PBXBuildFile; fileRef = 0E0F02541F71B9EF00E2C6C2 /* LaunchScreen.storyboard */; };
		0E0F02611F71B9EF00E2C6C2 /* DiveHoodTests.swift in Sources */ = {isa = PBXBuildFile; fileRef = 0E0F02601F71B9EF00E2C6C2 /* DiveHoodTests.swift */; };
		0E0F026C1F71B9EF00E2C6C2 /* DiveHoodUITests.swift in Sources */ = {isa = PBXBuildFile; fileRef = 0E0F026B1F71B9EF00E2C6C2 /* DiveHoodUITests.swift */; };
		0E0F027B1F71BB3400E2C6C2 /* RaderAnimation.swift in Sources */ = {isa = PBXBuildFile; fileRef = 0E0F027A1F71BB3400E2C6C2 /* RaderAnimation.swift */; };
		0E0F027D1F71BB8300E2C6C2 /* LoginPage.swift in Sources */ = {isa = PBXBuildFile; fileRef = 0E0F027C1F71BB8300E2C6C2 /* LoginPage.swift */; };
		0E0F027F1F71BCF800E2C6C2 /* Splach.swift in Sources */ = {isa = PBXBuildFile; fileRef = 0E0F027E1F71BCF800E2C6C2 /* Splach.swift */; };
		0E0F02811F71EA8800E2C6C2 /* OpenSans-Bold.ttf in Resources */ = {isa = PBXBuildFile; fileRef = 0E0F02801F71E92D00E2C6C2 /* OpenSans-Bold.ttf */; };
		0E0F02831F71F7D300E2C6C2 /* OpenSans-Light.ttf in Resources */ = {isa = PBXBuildFile; fileRef = 0E0F02821F71F7CA00E2C6C2 /* OpenSans-Light.ttf */; };
		0E0F02861F71FBB800E2C6C2 /* OpenSans-Regular.ttf in Resources */ = {isa = PBXBuildFile; fileRef = 0E0F02841F71F99700E2C6C2 /* OpenSans-Regular.ttf */; };
		0E0F02881F72003700E2C6C2 /* WallpaperWindow.swift in Sources */ = {isa = PBXBuildFile; fileRef = 0E0F02871F72003700E2C6C2 /* WallpaperWindow.swift */; };
		0E0F028F1F72E59800E2C6C2 /* Colors.swift in Sources */ = {isa = PBXBuildFile; fileRef = 0E0F028E1F72E59700E2C6C2 /* Colors.swift */; };
		0E2C4AA01F7706AF003EAB1B /* CustomTabBarController.swift in Sources */ = {isa = PBXBuildFile; fileRef = 0E2C4A9F1F7706AF003EAB1B /* CustomTabBarController.swift */; };
		0E963B371F731E3B0036EBA4 /* CustomizedTextField.swift in Sources */ = {isa = PBXBuildFile; fileRef = 0E963B361F731E3B0036EBA4 /* CustomizedTextField.swift */; };
		0E963B3A1F733FA50036EBA4 /* ButtonWithGradient.swift in Sources */ = {isa = PBXBuildFile; fileRef = 0E963B391F733FA50036EBA4 /* ButtonWithGradient.swift */; };
		0E963B3C1F73EF2F0036EBA4 /* ForgetPassword.swift in Sources */ = {isa = PBXBuildFile; fileRef = 0E963B3B1F73EF2F0036EBA4 /* ForgetPassword.swift */; };
		0E963B3E1F7448990036EBA4 /* OpenSans-SemiboldItalic.ttf in Resources */ = {isa = PBXBuildFile; fileRef = 0E963B3D1F7448990036EBA4 /* OpenSans-SemiboldItalic.ttf */; };
		0E963B401F746F1A0036EBA4 /* SignUp.swift in Sources */ = {isa = PBXBuildFile; fileRef = 0E963B3F1F746F190036EBA4 /* SignUp.swift */; };
		0E963B421F747D640036EBA4 /* CustomeLabel.swift in Sources */ = {isa = PBXBuildFile; fileRef = 0E963B411F747D640036EBA4 /* CustomeLabel.swift */; };
		0E963B451F7486F40036EBA4 /* DiverController.swift in Sources */ = {isa = PBXBuildFile; fileRef = 0E963B441F7486F40036EBA4 /* DiverController.swift */; };
		0E963B471F74870C0036EBA4 /* BusinessOwnerController.swift in Sources */ = {isa = PBXBuildFile; fileRef = 0E963B461F74870C0036EBA4 /* BusinessOwnerController.swift */; };
		0E963B491F7564130036EBA4 /* Measurements.swift in Sources */ = {isa = PBXBuildFile; fileRef = 0E963B481F7564130036EBA4 /* Measurements.swift */; };
		0E963B4B1F759D840036EBA4 /* VerficationViaPhone.swift in Sources */ = {isa = PBXBuildFile; fileRef = 0E963B4A1F759D840036EBA4 /* VerficationViaPhone.swift */; };
		0E963B4D1F759D9C0036EBA4 /* VerficationViaMail.swift in Sources */ = {isa = PBXBuildFile; fileRef = 0E963B4C1F759D9C0036EBA4 /* VerficationViaMail.swift */; };
		0E963B4F1F759E260036EBA4 /* Markable_Shape.swift in Sources */ = {isa = PBXBuildFile; fileRef = 0E963B4E1F759E260036EBA4 /* Markable_Shape.swift */; };
		0E963B511F75E3350036EBA4 /* Actions.swift in Sources */ = {isa = PBXBuildFile; fileRef = 0E963B501F75E3350036EBA4 /* Actions.swift */; };
		0E963B531F75EE1A0036EBA4 /* Step2FormController.swift in Sources */ = {isa = PBXBuildFile; fileRef = 0E963B521F75EE1A0036EBA4 /* Step2FormController.swift */; };
		0E963B551F75EE2F0036EBA4 /* Step1FormController.swift in Sources */ = {isa = PBXBuildFile; fileRef = 0E963B541F75EE2F0036EBA4 /* Step1FormController.swift */; };
/* End PBXBuildFile section */

/* Begin PBXContainerItemProxy section */
		0E0F025D1F71B9EF00E2C6C2 /* PBXContainerItemProxy */ = {
			isa = PBXContainerItemProxy;
			containerPortal = 0E0F02401F71B9EF00E2C6C2 /* Project object */;
			proxyType = 1;
			remoteGlobalIDString = 0E0F02471F71B9EF00E2C6C2;
			remoteInfo = DiveHood;
		};
		0E0F02681F71B9EF00E2C6C2 /* PBXContainerItemProxy */ = {
			isa = PBXContainerItemProxy;
			containerPortal = 0E0F02401F71B9EF00E2C6C2 /* Project object */;
			proxyType = 1;
			remoteGlobalIDString = 0E0F02471F71B9EF00E2C6C2;
			remoteInfo = DiveHood;
		};
/* End PBXContainerItemProxy section */

/* Begin PBXFileReference section */
		0E0F02481F71B9EF00E2C6C2 /* DiveHood.app */ = {isa = PBXFileReference; explicitFileType = wrapper.application; includeInIndex = 0; path = DiveHood.app; sourceTree = BUILT_PRODUCTS_DIR; };
		0E0F024B1F71B9EF00E2C6C2 /* AppDelegate.swift */ = {isa = PBXFileReference; lastKnownFileType = sourcecode.swift; path = AppDelegate.swift; sourceTree = "<group>"; };
		0E0F02501F71B9EF00E2C6C2 /* Base */ = {isa = PBXFileReference; lastKnownFileType = file.storyboard; name = Base; path = Base.lproj/Main.storyboard; sourceTree = "<group>"; };
		0E0F02521F71B9EF00E2C6C2 /* Assets.xcassets */ = {isa = PBXFileReference; lastKnownFileType = folder.assetcatalog; path = Assets.xcassets; sourceTree = "<group>"; };
		0E0F02551F71B9EF00E2C6C2 /* Base */ = {isa = PBXFileReference; lastKnownFileType = file.storyboard; name = Base; path = Base.lproj/LaunchScreen.storyboard; sourceTree = "<group>"; };
		0E0F02571F71B9EF00E2C6C2 /* Info.plist */ = {isa = PBXFileReference; lastKnownFileType = text.plist.xml; path = Info.plist; sourceTree = "<group>"; };
		0E0F025C1F71B9EF00E2C6C2 /* DiveHoodTests.xctest */ = {isa = PBXFileReference; explicitFileType = wrapper.cfbundle; includeInIndex = 0; path = DiveHoodTests.xctest; sourceTree = BUILT_PRODUCTS_DIR; };
		0E0F02601F71B9EF00E2C6C2 /* DiveHoodTests.swift */ = {isa = PBXFileReference; lastKnownFileType = sourcecode.swift; path = DiveHoodTests.swift; sourceTree = "<group>"; };
		0E0F02621F71B9EF00E2C6C2 /* Info.plist */ = {isa = PBXFileReference; lastKnownFileType = text.plist.xml; path = Info.plist; sourceTree = "<group>"; };
		0E0F02671F71B9EF00E2C6C2 /* DiveHoodUITests.xctest */ = {isa = PBXFileReference; explicitFileType = wrapper.cfbundle; includeInIndex = 0; path = DiveHoodUITests.xctest; sourceTree = BUILT_PRODUCTS_DIR; };
		0E0F026B1F71B9EF00E2C6C2 /* DiveHoodUITests.swift */ = {isa = PBXFileReference; lastKnownFileType = sourcecode.swift; path = DiveHoodUITests.swift; sourceTree = "<group>"; };
		0E0F026D1F71B9EF00E2C6C2 /* Info.plist */ = {isa = PBXFileReference; lastKnownFileType = text.plist.xml; path = Info.plist; sourceTree = "<group>"; };
		0E0F027A1F71BB3400E2C6C2 /* RaderAnimation.swift */ = {isa = PBXFileReference; fileEncoding = 4; lastKnownFileType = sourcecode.swift; path = RaderAnimation.swift; sourceTree = "<group>"; };
		0E0F027C1F71BB8300E2C6C2 /* LoginPage.swift */ = {isa = PBXFileReference; fileEncoding = 4; lastKnownFileType = sourcecode.swift; path = LoginPage.swift; sourceTree = "<group>"; };
		0E0F027E1F71BCF800E2C6C2 /* Splach.swift */ = {isa = PBXFileReference; fileEncoding = 4; lastKnownFileType = sourcecode.swift; path = Splach.swift; sourceTree = "<group>"; };
		0E0F02801F71E92D00E2C6C2 /* OpenSans-Bold.ttf */ = {isa = PBXFileReference; lastKnownFileType = file; name = "OpenSans-Bold.ttf"; path = "../../../../Documents/Fonts/open-sans/OpenSans-Bold.ttf"; sourceTree = "<group>"; };
		0E0F02821F71F7CA00E2C6C2 /* OpenSans-Light.ttf */ = {isa = PBXFileReference; lastKnownFileType = file; name = "OpenSans-Light.ttf"; path = "../../../../Documents/Fonts/open-sans/OpenSans-Light.ttf"; sourceTree = "<group>"; };
		0E0F02841F71F99700E2C6C2 /* OpenSans-Regular.ttf */ = {isa = PBXFileReference; lastKnownFileType = file; name = "OpenSans-Regular.ttf"; path = "../../../../Documents/Fonts/open-sans/OpenSans-Regular.ttf"; sourceTree = "<group>"; };
		0E0F02871F72003700E2C6C2 /* WallpaperWindow.swift */ = {isa = PBXFileReference; fileEncoding = 4; lastKnownFileType = sourcecode.swift; path = WallpaperWindow.swift; sourceTree = "<group>"; };
		0E0F028E1F72E59700E2C6C2 /* Colors.swift */ = {isa = PBXFileReference; fileEncoding = 4; lastKnownFileType = sourcecode.swift; path = Colors.swift; sourceTree = "<group>"; };
		0E2C4A9F1F7706AF003EAB1B /* CustomTabBarController.swift */ = {isa = PBXFileReference; fileEncoding = 4; lastKnownFileType = sourcecode.swift; path = CustomTabBarController.swift; sourceTree = "<group>"; };
		0E963B361F731E3B0036EBA4 /* CustomizedTextField.swift */ = {isa = PBXFileReference; fileEncoding = 4; lastKnownFileType = sourcecode.swift; path = CustomizedTextField.swift; sourceTree = "<group>"; };
		0E963B391F733FA50036EBA4 /* ButtonWithGradient.swift */ = {isa = PBXFileReference; fileEncoding = 4; lastKnownFileType = sourcecode.swift; path = ButtonWithGradient.swift; sourceTree = "<group>"; };
		0E963B3B1F73EF2F0036EBA4 /* ForgetPassword.swift */ = {isa = PBXFileReference; fileEncoding = 4; lastKnownFileType = sourcecode.swift; path = ForgetPassword.swift; sourceTree = "<group>"; };
		0E963B3D1F7448990036EBA4 /* OpenSans-SemiboldItalic.ttf */ = {isa = PBXFileReference; lastKnownFileType = file; path = "OpenSans-SemiboldItalic.ttf"; sourceTree = "<group>"; };
		0E963B3F1F746F190036EBA4 /* SignUp.swift */ = {isa = PBXFileReference; fileEncoding = 4; lastKnownFileType = sourcecode.swift; path = SignUp.swift; sourceTree = "<group>"; };
		0E963B411F747D640036EBA4 /* CustomeLabel.swift */ = {isa = PBXFileReference; fileEncoding = 4; lastKnownFileType = sourcecode.swift; path = CustomeLabel.swift; sourceTree = "<group>"; };
		0E963B441F7486F40036EBA4 /* DiverController.swift */ = {isa = PBXFileReference; fileEncoding = 4; lastKnownFileType = sourcecode.swift; path = DiverController.swift; sourceTree = "<group>"; };
		0E963B461F74870C0036EBA4 /* BusinessOwnerController.swift */ = {isa = PBXFileReference; fileEncoding = 4; lastKnownFileType = sourcecode.swift; path = BusinessOwnerController.swift; sourceTree = "<group>"; };
		0E963B481F7564130036EBA4 /* Measurements.swift */ = {isa = PBXFileReference; fileEncoding = 4; lastKnownFileType = sourcecode.swift; path = Measurements.swift; sourceTree = "<group>"; };
		0E963B4A1F759D840036EBA4 /* VerficationViaPhone.swift */ = {isa = PBXFileReference; fileEncoding = 4; lastKnownFileType = sourcecode.swift; path = VerficationViaPhone.swift; sourceTree = "<group>"; };
		0E963B4C1F759D9C0036EBA4 /* VerficationViaMail.swift */ = {isa = PBXFileReference; fileEncoding = 4; lastKnownFileType = sourcecode.swift; path = VerficationViaMail.swift; sourceTree = "<group>"; };
		0E963B4E1F759E260036EBA4 /* Markable_Shape.swift */ = {isa = PBXFileReference; fileEncoding = 4; lastKnownFileType = sourcecode.swift; path = Markable_Shape.swift; sourceTree = "<group>"; };
		0E963B501F75E3350036EBA4 /* Actions.swift */ = {isa = PBXFileReference; fileEncoding = 4; lastKnownFileType = sourcecode.swift; path = Actions.swift; sourceTree = "<group>"; };
		0E963B521F75EE1A0036EBA4 /* Step2FormController.swift */ = {isa = PBXFileReference; fileEncoding = 4; lastKnownFileType = sourcecode.swift; path = Step2FormController.swift; sourceTree = "<group>"; };
		0E963B541F75EE2F0036EBA4 /* Step1FormController.swift */ = {isa = PBXFileReference; fileEncoding = 4; lastKnownFileType = sourcecode.swift; path = Step1FormController.swift; sourceTree = "<group>"; };
/* End PBXFileReference section */

/* Begin PBXFrameworksBuildPhase section */
		0E0F02451F71B9EF00E2C6C2 /* Frameworks */ = {
			isa = PBXFrameworksBuildPhase;
			buildActionMask = 2147483647;
			files = (
			);
			runOnlyForDeploymentPostprocessing = 0;
		};
		0E0F02591F71B9EF00E2C6C2 /* Frameworks */ = {
			isa = PBXFrameworksBuildPhase;
			buildActionMask = 2147483647;
			files = (
			);
			runOnlyForDeploymentPostprocessing = 0;
		};
		0E0F02641F71B9EF00E2C6C2 /* Frameworks */ = {
			isa = PBXFrameworksBuildPhase;
			buildActionMask = 2147483647;
			files = (
			);
			runOnlyForDeploymentPostprocessing = 0;
		};
/* End PBXFrameworksBuildPhase section */

/* Begin PBXGroup section */
		0E0F023F1F71B9EF00E2C6C2 = {
			isa = PBXGroup;
			children = (
				0E0F024A1F71B9EF00E2C6C2 /* DiveHood */,
				0E0F028B1F728CE600E2C6C2 /* New Group */,
				0E0F025F1F71B9EF00E2C6C2 /* DiveHoodTests */,
				0E0F026A1F71B9EF00E2C6C2 /* DiveHoodUITests */,
				0E0F02491F71B9EF00E2C6C2 /* Products */,
			);
			sourceTree = "<group>";
		};
		0E0F02491F71B9EF00E2C6C2 /* Products */ = {
			isa = PBXGroup;
			children = (
				0E0F02481F71B9EF00E2C6C2 /* DiveHood.app */,
				0E0F025C1F71B9EF00E2C6C2 /* DiveHoodTests.xctest */,
				0E0F02671F71B9EF00E2C6C2 /* DiveHoodUITests.xctest */,
			);
			name = Products;
			sourceTree = "<group>";
		};
		0E0F024A1F71B9EF00E2C6C2 /* DiveHood */ = {
			isa = PBXGroup;
			children = (
				0E963B431F7486CF0036EBA4 /* Controllers */,
				0E963B381F731E8D0036EBA4 /* CustomizedShapes */,
				0E0F028D1F72DE4600E2C6C2 /* Pages */,
				0E0F028C1F728D0700E2C6C2 /* Fonts */,
				0E0F02791F71BB1900E2C6C2 /* Animation */,
				0E0F024B1F71B9EF00E2C6C2 /* AppDelegate.swift */,
				0E0F024F1F71B9EF00E2C6C2 /* Main.storyboard */,
				0E0F02521F71B9EF00E2C6C2 /* Assets.xcassets */,
				0E0F02541F71B9EF00E2C6C2 /* LaunchScreen.storyboard */,
				0E0F02571F71B9EF00E2C6C2 /* Info.plist */,
				0E0F02871F72003700E2C6C2 /* WallpaperWindow.swift */,
				0E963B501F75E3350036EBA4 /* Actions.swift */,
			);
			path = DiveHood;
			sourceTree = "<group>";
		};
		0E0F025F1F71B9EF00E2C6C2 /* DiveHoodTests */ = {
			isa = PBXGroup;
			children = (
				0E0F02601F71B9EF00E2C6C2 /* DiveHoodTests.swift */,
				0E0F02621F71B9EF00E2C6C2 /* Info.plist */,
			);
			path = DiveHoodTests;
			sourceTree = "<group>";
		};
		0E0F026A1F71B9EF00E2C6C2 /* DiveHoodUITests */ = {
			isa = PBXGroup;
			children = (
				0E0F026B1F71B9EF00E2C6C2 /* DiveHoodUITests.swift */,
				0E0F026D1F71B9EF00E2C6C2 /* Info.plist */,
			);
			path = DiveHoodUITests;
			sourceTree = "<group>";
		};
		0E0F02791F71BB1900E2C6C2 /* Animation */ = {
			isa = PBXGroup;
			children = (
				0E0F027A1F71BB3400E2C6C2 /* RaderAnimation.swift */,
			);
			name = Animation;
			sourceTree = "<group>";
		};
		0E0F028B1F728CE600E2C6C2 /* New Group */ = {
			isa = PBXGroup;
			children = (
			);
			name = "New Group";
			sourceTree = "<group>";
		};
		0E0F028C1F728D0700E2C6C2 /* Fonts */ = {
			isa = PBXGroup;
			children = (
				0E963B3D1F7448990036EBA4 /* OpenSans-SemiboldItalic.ttf */,
				0E0F02801F71E92D00E2C6C2 /* OpenSans-Bold.ttf */,
				0E0F02821F71F7CA00E2C6C2 /* OpenSans-Light.ttf */,
				0E0F02841F71F99700E2C6C2 /* OpenSans-Regular.ttf */,
			);
			name = Fonts;
			sourceTree = "<group>";
		};
		0E0F028D1F72DE4600E2C6C2 /* Pages */ = {
			isa = PBXGroup;
			children = (
				0E2C4A9C1F77028A003EAB1B /* HomePage */,
				0E0F027E1F71BCF800E2C6C2 /* Splach.swift */,
				0E0F027C1F71BB8300E2C6C2 /* LoginPage.swift */,
				0E963B3B1F73EF2F0036EBA4 /* ForgetPassword.swift */,
				0E963B3F1F746F190036EBA4 /* SignUp.swift */,
				0E963B4A1F759D840036EBA4 /* VerficationViaPhone.swift */,
				0E963B4C1F759D9C0036EBA4 /* VerficationViaMail.swift */,
			);
			name = Pages;
			sourceTree = "<group>";
		};
		0E2C4A9C1F77028A003EAB1B /* HomePage */ = {
			isa = PBXGroup;
			children = (
				0E2C4A9F1F7706AF003EAB1B /* CustomTabBarController.swift */,
			);
			name = HomePage;
			sourceTree = "<group>";
		};
		0E963B381F731E8D0036EBA4 /* CustomizedShapes */ = {
			isa = PBXGroup;
			children = (
				0E963B361F731E3B0036EBA4 /* CustomizedTextField.swift */,
				0E963B391F733FA50036EBA4 /* ButtonWithGradient.swift */,
				0E963B411F747D640036EBA4 /* CustomeLabel.swift */,
				0E0F028E1F72E59700E2C6C2 /* Colors.swift */,
				0E963B481F7564130036EBA4 /* Measurements.swift */,
				0E963B4E1F759E260036EBA4 /* Markable_Shape.swift */,
			);
			name = CustomizedShapes;
			sourceTree = "<group>";
		};
		0E963B431F7486CF0036EBA4 /* Controllers */ = {
			isa = PBXGroup;
			children = (
				0E963B441F7486F40036EBA4 /* DiverController.swift */,
				0E963B461F74870C0036EBA4 /* BusinessOwnerController.swift */,
				0E963B521F75EE1A0036EBA4 /* Step2FormController.swift */,
				0E963B541F75EE2F0036EBA4 /* Step1FormController.swift */,
			);
			name = Controllers;
			sourceTree = "<group>";
		};
/* End PBXGroup section */

/* Begin PBXNativeTarget section */
		0E0F02471F71B9EF00E2C6C2 /* DiveHood */ = {
			isa = PBXNativeTarget;
			buildConfigurationList = 0E0F02701F71B9EF00E2C6C2 /* Build configuration list for PBXNativeTarget "DiveHood" */;
			buildPhases = (
				0E0F02441F71B9EF00E2C6C2 /* Sources */,
				0E0F02451F71B9EF00E2C6C2 /* Frameworks */,
				0E0F02461F71B9EF00E2C6C2 /* Resources */,
			);
			buildRules = (
			);
			dependencies = (
			);
			name = DiveHood;
			productName = DiveHood;
			productReference = 0E0F02481F71B9EF00E2C6C2 /* DiveHood.app */;
			productType = "com.apple.product-type.application";
		};
		0E0F025B1F71B9EF00E2C6C2 /* DiveHoodTests */ = {
			isa = PBXNativeTarget;
			buildConfigurationList = 0E0F02731F71B9EF00E2C6C2 /* Build configuration list for PBXNativeTarget "DiveHoodTests" */;
			buildPhases = (
				0E0F02581F71B9EF00E2C6C2 /* Sources */,
				0E0F02591F71B9EF00E2C6C2 /* Frameworks */,
				0E0F025A1F71B9EF00E2C6C2 /* Resources */,
			);
			buildRules = (
			);
			dependencies = (
				0E0F025E1F71B9EF00E2C6C2 /* PBXTargetDependency */,
			);
			name = DiveHoodTests;
			productName = DiveHoodTests;
			productReference = 0E0F025C1F71B9EF00E2C6C2 /* DiveHoodTests.xctest */;
			productType = "com.apple.product-type.bundle.unit-test";
		};
		0E0F02661F71B9EF00E2C6C2 /* DiveHoodUITests */ = {
			isa = PBXNativeTarget;
			buildConfigurationList = 0E0F02761F71B9EF00E2C6C2 /* Build configuration list for PBXNativeTarget "DiveHoodUITests" */;
			buildPhases = (
				0E0F02631F71B9EF00E2C6C2 /* Sources */,
				0E0F02641F71B9EF00E2C6C2 /* Frameworks */,
				0E0F02651F71B9EF00E2C6C2 /* Resources */,
			);
			buildRules = (
			);
			dependencies = (
				0E0F02691F71B9EF00E2C6C2 /* PBXTargetDependency */,
			);
			name = DiveHoodUITests;
			productName = DiveHoodUITests;
			productReference = 0E0F02671F71B9EF00E2C6C2 /* DiveHoodUITests.xctest */;
			productType = "com.apple.product-type.bundle.ui-testing";
		};
/* End PBXNativeTarget section */

/* Begin PBXProject section */
		0E0F02401F71B9EF00E2C6C2 /* Project object */ = {
			isa = PBXProject;
			attributes = {
				LastSwiftUpdateCheck = 0830;
				LastUpgradeCheck = 0830;
				ORGANIZATIONNAME = starwallet;
				TargetAttributes = {
					0E0F02471F71B9EF00E2C6C2 = {
						CreatedOnToolsVersion = 8.3.2;
						ProvisioningStyle = Automatic;
					};
					0E0F025B1F71B9EF00E2C6C2 = {
						CreatedOnToolsVersion = 8.3.2;
						ProvisioningStyle = Automatic;
						TestTargetID = 0E0F02471F71B9EF00E2C6C2;
					};
					0E0F02661F71B9EF00E2C6C2 = {
						CreatedOnToolsVersion = 8.3.2;
						ProvisioningStyle = Automatic;
						TestTargetID = 0E0F02471F71B9EF00E2C6C2;
					};
				};
			};
			buildConfigurationList = 0E0F02431F71B9EF00E2C6C2 /* Build configuration list for PBXProject "DiveHood" */;
			compatibilityVersion = "Xcode 3.2";
			developmentRegion = English;
			hasScannedForEncodings = 0;
			knownRegions = (
				en,
				Base,
			);
			mainGroup = 0E0F023F1F71B9EF00E2C6C2;
			productRefGroup = 0E0F02491F71B9EF00E2C6C2 /* Products */;
			projectDirPath = "";
			projectRoot = "";
			targets = (
				0E0F02471F71B9EF00E2C6C2 /* DiveHood */,
				0E0F025B1F71B9EF00E2C6C2 /* DiveHoodTests */,
				0E0F02661F71B9EF00E2C6C2 /* DiveHoodUITests */,
			);
		};
/* End PBXProject section */

/* Begin PBXResourcesBuildPhase section */
		0E0F02461F71B9EF00E2C6C2 /* Resources */ = {
			isa = PBXResourcesBuildPhase;
			buildActionMask = 2147483647;
			files = (
				0E0F02811F71EA8800E2C6C2 /* OpenSans-Bold.ttf in Resources */,
				0E0F02831F71F7D300E2C6C2 /* OpenSans-Light.ttf in Resources */,
				0E0F02861F71FBB800E2C6C2 /* OpenSans-Regular.ttf in Resources */,
				0E963B3E1F7448990036EBA4 /* OpenSans-SemiboldItalic.ttf in Resources */,
				0E0F02561F71B9EF00E2C6C2 /* LaunchScreen.storyboard in Resources */,
				0E0F02531F71B9EF00E2C6C2 /* Assets.xcassets in Resources */,
				0E0F02511F71B9EF00E2C6C2 /* Main.storyboard in Resources */,
			);
			runOnlyForDeploymentPostprocessing = 0;
		};
		0E0F025A1F71B9EF00E2C6C2 /* Resources */ = {
			isa = PBXResourcesBuildPhase;
			buildActionMask = 2147483647;
			files = (
			);
			runOnlyForDeploymentPostprocessing = 0;
		};
		0E0F02651F71B9EF00E2C6C2 /* Resources */ = {
			isa = PBXResourcesBuildPhase;
			buildActionMask = 2147483647;
			files = (
			);
			runOnlyForDeploymentPostprocessing = 0;
		};
/* End PBXResourcesBuildPhase section */

/* Begin PBXSourcesBuildPhase section */
		0E0F02441F71B9EF00E2C6C2 /* Sources */ = {
			isa = PBXSourcesBuildPhase;
			buildActionMask = 2147483647;
			files = (
				0E963B4D1F759D9C0036EBA4 /* VerficationViaMail.swift in Sources */,
				0E0F02881F72003700E2C6C2 /* WallpaperWindow.swift in Sources */,
				0E963B3A1F733FA50036EBA4 /* ButtonWithGradient.swift in Sources */,
				0E963B451F7486F40036EBA4 /* DiverController.swift in Sources */,
				0E0F028F1F72E59800E2C6C2 /* Colors.swift in Sources */,
				0E963B4F1F759E260036EBA4 /* Markable_Shape.swift in Sources */,
				0E963B421F747D640036EBA4 /* CustomeLabel.swift in Sources */,
				0E0F027D1F71BB8300E2C6C2 /* LoginPage.swift in Sources */,
				0E2C4AA01F7706AF003EAB1B /* CustomTabBarController.swift in Sources */,
				0E0F027B1F71BB3400E2C6C2 /* RaderAnimation.swift in Sources */,
				0E963B3C1F73EF2F0036EBA4 /* ForgetPassword.swift in Sources */,
				0E963B4B1F759D840036EBA4 /* VerficationViaPhone.swift in Sources */,
				0E963B491F7564130036EBA4 /* Measurements.swift in Sources */,
				0E0F027F1F71BCF800E2C6C2 /* Splach.swift in Sources */,
				0E963B551F75EE2F0036EBA4 /* Step1FormController.swift in Sources */,
				0E963B471F74870C0036EBA4 /* BusinessOwnerController.swift in Sources */,
				0E963B531F75EE1A0036EBA4 /* Step2FormController.swift in Sources */,
				0E0F024C1F71B9EF00E2C6C2 /* AppDelegate.swift in Sources */,
				0E963B511F75E3350036EBA4 /* Actions.swift in Sources */,
				0E963B371F731E3B0036EBA4 /* CustomizedTextField.swift in Sources */,
				0E963B401F746F1A0036EBA4 /* SignUp.swift in Sources */,
			);
			runOnlyForDeploymentPostprocessing = 0;
		};
		0E0F02581F71B9EF00E2C6C2 /* Sources */ = {
			isa = PBXSourcesBuildPhase;
			buildActionMask = 2147483647;
			files = (
				0E0F02611F71B9EF00E2C6C2 /* DiveHoodTests.swift in Sources */,
			);
			runOnlyForDeploymentPostprocessing = 0;
		};
		0E0F02631F71B9EF00E2C6C2 /* Sources */ = {
			isa = PBXSourcesBuildPhase;
			buildActionMask = 2147483647;
			files = (
				0E0F026C1F71B9EF00E2C6C2 /* DiveHoodUITests.swift in Sources */,
			);
			runOnlyForDeploymentPostprocessing = 0;
		};
/* End PBXSourcesBuildPhase section */

/* Begin PBXTargetDependency section */
		0E0F025E1F71B9EF00E2C6C2 /* PBXTargetDependency */ = {
			isa = PBXTargetDependency;
			target = 0E0F02471F71B9EF00E2C6C2 /* DiveHood */;
			targetProxy = 0E0F025D1F71B9EF00E2C6C2 /* PBXContainerItemProxy */;
		};
		0E0F02691F71B9EF00E2C6C2 /* PBXTargetDependency */ = {
			isa = PBXTargetDependency;
			target = 0E0F02471F71B9EF00E2C6C2 /* DiveHood */;
			targetProxy = 0E0F02681F71B9EF00E2C6C2 /* PBXContainerItemProxy */;
		};
/* End PBXTargetDependency section */

/* Begin PBXVariantGroup section */
		0E0F024F1F71B9EF00E2C6C2 /* Main.storyboard */ = {
			isa = PBXVariantGroup;
			children = (
				0E0F02501F71B9EF00E2C6C2 /* Base */,
			);
			name = Main.storyboard;
			sourceTree = "<group>";
		};
		0E0F02541F71B9EF00E2C6C2 /* LaunchScreen.storyboard */ = {
			isa = PBXVariantGroup;
			children = (
				0E0F02551F71B9EF00E2C6C2 /* Base */,
			);
			name = LaunchScreen.storyboard;
			sourceTree = "<group>";
		};
/* End PBXVariantGroup section */

/* Begin XCBuildConfiguration section */
		0E0F026E1F71B9EF00E2C6C2 /* Debug */ = {
			isa = XCBuildConfiguration;
			buildSettings = {
				ALWAYS_SEARCH_USER_PATHS = NO;
				CLANG_ANALYZER_NONNULL = YES;
				CLANG_ANALYZER_NUMBER_OBJECT_CONVERSION = YES_AGGRESSIVE;
				CLANG_CXX_LANGUAGE_STANDARD = "gnu++0x";
				CLANG_CXX_LIBRARY = "libc++";
				CLANG_ENABLE_MODULES = YES;
				CLANG_ENABLE_OBJC_ARC = YES;
				CLANG_WARN_BOOL_CONVERSION = YES;
				CLANG_WARN_CONSTANT_CONVERSION = YES;
				CLANG_WARN_DIRECT_OBJC_ISA_USAGE = YES_ERROR;
				CLANG_WARN_DOCUMENTATION_COMMENTS = YES;
				CLANG_WARN_EMPTY_BODY = YES;
				CLANG_WARN_ENUM_CONVERSION = YES;
				CLANG_WARN_INFINITE_RECURSION = YES;
				CLANG_WARN_INT_CONVERSION = YES;
				CLANG_WARN_OBJC_ROOT_CLASS = YES_ERROR;
				CLANG_WARN_SUSPICIOUS_MOVE = YES;
				CLANG_WARN_UNREACHABLE_CODE = YES;
				CLANG_WARN__DUPLICATE_METHOD_MATCH = YES;
				"CODE_SIGN_IDENTITY[sdk=iphoneos*]" = "iPhone Developer";
				COPY_PHASE_STRIP = NO;
				DEBUG_INFORMATION_FORMAT = dwarf;
				ENABLE_STRICT_OBJC_MSGSEND = YES;
				ENABLE_TESTABILITY = YES;
				GCC_C_LANGUAGE_STANDARD = gnu99;
				GCC_DYNAMIC_NO_PIC = NO;
				GCC_NO_COMMON_BLOCKS = YES;
				GCC_OPTIMIZATION_LEVEL = 0;
				GCC_PREPROCESSOR_DEFINITIONS = (
					"DEBUG=1",
					"$(inherited)",
				);
				GCC_WARN_64_TO_32_BIT_CONVERSION = YES;
				GCC_WARN_ABOUT_RETURN_TYPE = YES_ERROR;
				GCC_WARN_UNDECLARED_SELECTOR = YES;
				GCC_WARN_UNINITIALIZED_AUTOS = YES_AGGRESSIVE;
				GCC_WARN_UNUSED_FUNCTION = YES;
				GCC_WARN_UNUSED_VARIABLE = YES;
				IPHONEOS_DEPLOYMENT_TARGET = 10.3;
				MTL_ENABLE_DEBUG_INFO = YES;
				ONLY_ACTIVE_ARCH = YES;
				SDKROOT = iphoneos;
				SWIFT_ACTIVE_COMPILATION_CONDITIONS = DEBUG;
				SWIFT_OPTIMIZATION_LEVEL = "-Onone";
				TARGETED_DEVICE_FAMILY = "1,2";
			};
			name = Debug;
		};
		0E0F026F1F71B9EF00E2C6C2 /* Release */ = {
			isa = XCBuildConfiguration;
			buildSettings = {
				ALWAYS_SEARCH_USER_PATHS = NO;
				CLANG_ANALYZER_NONNULL = YES;
				CLANG_ANALYZER_NUMBER_OBJECT_CONVERSION = YES_AGGRESSIVE;
				CLANG_CXX_LANGUAGE_STANDARD = "gnu++0x";
				CLANG_CXX_LIBRARY = "libc++";
				CLANG_ENABLE_MODULES = YES;
				CLANG_ENABLE_OBJC_ARC = YES;
				CLANG_WARN_BOOL_CONVERSION = YES;
				CLANG_WARN_CONSTANT_CONVERSION = YES;
				CLANG_WARN_DIRECT_OBJC_ISA_USAGE = YES_ERROR;
				CLANG_WARN_DOCUMENTATION_COMMENTS = YES;
				CLANG_WARN_EMPTY_BODY = YES;
				CLANG_WARN_ENUM_CONVERSION = YES;
				CLANG_WARN_INFINITE_RECURSION = YES;
				CLANG_WARN_INT_CONVERSION = YES;
				CLANG_WARN_OBJC_ROOT_CLASS = YES_ERROR;
				CLANG_WARN_SUSPICIOUS_MOVE = YES;
				CLANG_WARN_UNREACHABLE_CODE = YES;
				CLANG_WARN__DUPLICATE_METHOD_MATCH = YES;
				"CODE_SIGN_IDENTITY[sdk=iphoneos*]" = "iPhone Developer";
				COPY_PHASE_STRIP = NO;
				DEBUG_INFORMATION_FORMAT = "dwarf-with-dsym";
				ENABLE_NS_ASSERTIONS = NO;
				ENABLE_STRICT_OBJC_MSGSEND = YES;
				GCC_C_LANGUAGE_STANDARD = gnu99;
				GCC_NO_COMMON_BLOCKS = YES;
				GCC_WARN_64_TO_32_BIT_CONVERSION = YES;
				GCC_WARN_ABOUT_RETURN_TYPE = YES_ERROR;
				GCC_WARN_UNDECLARED_SELECTOR = YES;
				GCC_WARN_UNINITIALIZED_AUTOS = YES_AGGRESSIVE;
				GCC_WARN_UNUSED_FUNCTION = YES;
				GCC_WARN_UNUSED_VARIABLE = YES;
				IPHONEOS_DEPLOYMENT_TARGET = 10.3;
				MTL_ENABLE_DEBUG_INFO = NO;
				SDKROOT = iphoneos;
				SWIFT_OPTIMIZATION_LEVEL = "-Owholemodule";
				TARGETED_DEVICE_FAMILY = "1,2";
				VALIDATE_PRODUCT = YES;
			};
			name = Release;
		};
		0E0F02711F71B9EF00E2C6C2 /* Debug */ = {
			isa = XCBuildConfiguration;
			buildSettings = {
				ASSETCATALOG_COMPILER_APPICON_NAME = AppIcon;
				ASSETCATALOG_COMPILER_LAUNCHIMAGE_NAME = "LaunchImage-2";
				INFOPLIST_FILE = DiveHood/Info.plist;
				LD_RUNPATH_SEARCH_PATHS = "$(inherited) @executable_path/Frameworks";
				PRODUCT_BUNDLE_IDENTIFIER = test.DiveHood;
				PRODUCT_NAME = "$(TARGET_NAME)";
				SWIFT_VERSION = 3.0;
			};
			name = Debug;
		};
		0E0F02721F71B9EF00E2C6C2 /* Release */ = {
			isa = XCBuildConfiguration;
			buildSettings = {
				ASSETCATALOG_COMPILER_APPICON_NAME = AppIcon;
				ASSETCATALOG_COMPILER_LAUNCHIMAGE_NAME = "LaunchImage-2";
				INFOPLIST_FILE = DiveHood/Info.plist;
				LD_RUNPATH_SEARCH_PATHS = "$(inherited) @executable_path/Frameworks";
				PRODUCT_BUNDLE_IDENTIFIER = test.DiveHood;
				PRODUCT_NAME = "$(TARGET_NAME)";
				SWIFT_VERSION = 3.0;
			};
			name = Release;
		};
		0E0F02741F71B9EF00E2C6C2 /* Debug */ = {
			isa = XCBuildConfiguration;
			buildSettings = {
				ALWAYS_EMBED_SWIFT_STANDARD_LIBRARIES = YES;
				BUNDLE_LOADER = "$(TEST_HOST)";
				INFOPLIST_FILE = DiveHoodTests/Info.plist;
				LD_RUNPATH_SEARCH_PATHS = "$(inherited) @executable_path/Frameworks @loader_path/Frameworks";
				PRODUCT_BUNDLE_IDENTIFIER = test.DiveHoodTests;
				PRODUCT_NAME = "$(TARGET_NAME)";
				SWIFT_VERSION = 3.0;
				TEST_HOST = "$(BUILT_PRODUCTS_DIR)/DiveHood.app/DiveHood";
			};
			name = Debug;
		};
		0E0F02751F71B9EF00E2C6C2 /* Release */ = {
			isa = XCBuildConfiguration;
			buildSettings = {
				ALWAYS_EMBED_SWIFT_STANDARD_LIBRARIES = YES;
				BUNDLE_LOADER = "$(TEST_HOST)";
				INFOPLIST_FILE = DiveHoodTests/Info.plist;
				LD_RUNPATH_SEARCH_PATHS = "$(inherited) @executable_path/Frameworks @loader_path/Frameworks";
				PRODUCT_BUNDLE_IDENTIFIER = test.DiveHoodTests;
				PRODUCT_NAME = "$(TARGET_NAME)";
				SWIFT_VERSION = 3.0;
				TEST_HOST = "$(BUILT_PRODUCTS_DIR)/DiveHood.app/DiveHood";
			};
			name = Release;
		};
		0E0F02771F71B9EF00E2C6C2 /* Debug */ = {
			isa = XCBuildConfiguration;
			buildSettings = {
				ALWAYS_EMBED_SWIFT_STANDARD_LIBRARIES = YES;
				INFOPLIST_FILE = DiveHoodUITests/Info.plist;
				LD_RUNPATH_SEARCH_PATHS = "$(inherited) @executable_path/Frameworks @loader_path/Frameworks";
				PRODUCT_BUNDLE_IDENTIFIER = test.DiveHoodUITests;
				PRODUCT_NAME = "$(TARGET_NAME)";
				SWIFT_VERSION = 3.0;
				TEST_TARGET_NAME = DiveHood;
			};
			name = Debug;
		};
		0E0F02781F71B9EF00E2C6C2 /* Release */ = {
			isa = XCBuildConfiguration;
			buildSettings = {
				ALWAYS_EMBED_SWIFT_STANDARD_LIBRARIES = YES;
				INFOPLIST_FILE = DiveHoodUITests/Info.plist;
				LD_RUNPATH_SEARCH_PATHS = "$(inherited) @executable_path/Frameworks @loader_path/Frameworks";
				PRODUCT_BUNDLE_IDENTIFIER = test.DiveHoodUITests;
				PRODUCT_NAME = "$(TARGET_NAME)";
				SWIFT_VERSION = 3.0;
				TEST_TARGET_NAME = DiveHood;
			};
			name = Release;
		};
/* End XCBuildConfiguration section */

/* Begin XCConfigurationList section */
		0E0F02431F71B9EF00E2C6C2 /* Build configuration list for PBXProject "DiveHood" */ = {
			isa = XCConfigurationList;
			buildConfigurations = (
				0E0F026E1F71B9EF00E2C6C2 /* Debug */,
				0E0F026F1F71B9EF00E2C6C2 /* Release */,
			);
			defaultConfigurationIsVisible = 0;
			defaultConfigurationName = Release;
		};
		0E0F02701F71B9EF00E2C6C2 /* Build configuration list for PBXNativeTarget "DiveHood" */ = {
			isa = XCConfigurationList;
			buildConfigurations = (
				0E0F02711F71B9EF00E2C6C2 /* Debug */,
				0E0F02721F71B9EF00E2C6C2 /* Release */,
			);
			defaultConfigurationIsVisible = 0;
			defaultConfigurationName = Release;
		};
		0E0F02731F71B9EF00E2C6C2 /* Build configuration list for PBXNativeTarget "DiveHoodTests" */ = {
			isa = XCConfigurationList;
			buildConfigurations = (
				0E0F02741F71B9EF00E2C6C2 /* Debug */,
				0E0F02751F71B9EF00E2C6C2 /* Release */,
			);
			defaultConfigurationIsVisible = 0;
			defaultConfigurationName = Release;
		};
		0E0F02761F71B9EF00E2C6C2 /* Build configuration list for PBXNativeTarget "DiveHoodUITests" */ = {
			isa = XCConfigurationList;
			buildConfigurations = (
				0E0F02771F71B9EF00E2C6C2 /* Debug */,
				0E0F02781F71B9EF00E2C6C2 /* Release */,
			);
			defaultConfigurationIsVisible = 0;
			defaultConfigurationName = Release;
		};
/* End XCConfigurationList section */
	};
	rootObject = 0E0F02401F71B9EF00E2C6C2 /* Project object */;
}
